
Microsoft Visual Studio Solution File, Format Version 12.00
# Visual Studio Version 16
VisualStudioVersion = 16.0.29009.5
MinimumVisualStudioVersion = 10.0.40219.1
Project("{9A19103F-16F7-4668-BE54-9A1E7A4F7556}") = "TestDynamodb", "TestDynamodb\TestDynamodb.csproj", "{B2D3A0E2-E693-48C5-B025-C2ADA515516E}"
EndProject
Project("{E53339B2-1760-4266-BCC7-CA923CBCF16C}") = "docker-compose", "docker-compose.dcproj", "{3B670B81-50D1-4832-9E9E-C26F24C2A100}"
EndProject
Project("{2150E333-8FDC-42A3-9474-1A3956D46DE8}") = "Tests", "Tests", "{8E8CEA86-C303-4711-8816-6ABD05CB6D0C}"
EndProject
Project("{9A19103F-16F7-4668-BE54-9A1E7A4F7556}") = "TestDynamodb.Test", "..\TestDynamodb.Test\TestDynamodb.Test.csproj", "{C4D73A37-9105-4F8D-B384-642438CC3A74}"
EndProject
Global
	GlobalSection(SolutionConfigurationPlatforms) = preSolution
		Debug|Any CPU = Debug|Any CPU
		Release|Any CPU = Release|Any CPU
	EndGlobalSection
	GlobalSection(ProjectConfigurationPlatforms) = postSolution
		{B2D3A0E2-E693-48C5-B025-C2ADA515516E}.Debug|Any CPU.ActiveCfg = Debug|Any CPU
		{B2D3A0E2-E693-48C5-B025-C2ADA515516E}.Debug|Any CPU.Build.0 = Debug|Any CPU
		{B2D3A0E2-E693-48C5-B025-C2ADA515516E}.Release|Any CPU.ActiveCfg = Release|Any CPU
		{B2D3A0E2-E693-48C5-B025-C2ADA515516E}.Release|Any CPU.Build.0 = Release|Any CPU
		{3B670B81-50D1-4832-9E9E-C26F24C2A100}.Debug|Any CPU.ActiveCfg = Debug|Any CPU
		{3B670B81-50D1-4832-9E9E-C26F24C2A100}.Debug|Any CPU.Build.0 = Debug|Any CPU
		{3B670B81-50D1-4832-9E9E-C26F24C2A100}.Release|Any CPU.ActiveCfg = Release|Any CPU
		{3B670B81-50D1-4832-9E9E-C26F24C2A100}.Release|Any CPU.Build.0 = Release|Any CPU
		{C4D73A37-9105-4F8D-B384-642438CC3A74}.Debug|Any CPU.ActiveCfg = Debug|Any CPU
		{C4D73A37-9105-4F8D-B384-642438CC3A74}.Debug|Any CPU.Build.0 = Debug|Any CPU
		{C4D73A37-9105-4F8D-B384-642438CC3A74}.Release|Any CPU.ActiveCfg = Release|Any CPU
		{C4D73A37-9105-4F8D-B384-642438CC3A74}.Release|Any CPU.Build.0 = Release|Any CPU
	EndGlobalSection
	GlobalSection(SolutionProperties) = preSolution
		HideSolutionNode = FALSE
	EndGlobalSection
	GlobalSection(NestedProjects) = preSolution
		{C4D73A37-9105-4F8D-B384-642438CC3A74} = {8E8CEA86-C303-4711-8816-6ABD05CB6D0C}
	EndGlobalSection
	GlobalSection(ExtensibilityGlobals) = postSolution
		SolutionGuid = {759EAFAD-9E14-4B06-A497-1973D391E92D}
	EndGlobalSection
EndGlobal
