
Microsoft Visual Studio Solution File, Format Version 12.00
# Visual Studio Version 16
VisualStudioVersion = 16.0.28803.202
MinimumVisualStudioVersion = 10.0.40219.1
Project("{2150E333-8FDC-42A3-9474-1A3956D46DE8}") = "src", "src", "{3052CB50-A346-482A-8EDC-77A0C75A2C67}"
EndProject
Project("{2150E333-8FDC-42A3-9474-1A3956D46DE8}") = "test", "test", "{2A507E5C-0ADC-44C9-9C40-02D12774B480}"
EndProject
Project("{FAE04EC0-301F-11D3-BF4B-00C04F79EFBC}") = "Core.Device", "src\Core.Device\Core.Device.csproj", "{581F85F6-0314-405A-84C4-41DAA0B8C8B8}"
EndProject
Project("{FAE04EC0-301F-11D3-BF4B-00C04F79EFBC}") = "Core.Device.Tests", "test\Core.Device.Tests\Core.Device.Tests.csproj", "{DB251E8B-3C40-492A-A1FC-233FF51E44DE}"
EndProject
Project("{E53339B2-1760-4266-BCC7-CA923CBCF16C}") = "docker-compose", "docker-compose.dcproj", "{F1DA2FF2-FCD4-4C3D-8370-B149DE21B493}"
EndProject
Global
	GlobalSection(SolutionConfigurationPlatforms) = preSolution
		Debug|Any CPU = Debug|Any CPU
		Release|Any CPU = Release|Any CPU
	EndGlobalSection
	GlobalSection(ProjectConfigurationPlatforms) = postSolution
		{581F85F6-0314-405A-84C4-41DAA0B8C8B8}.Debug|Any CPU.ActiveCfg = Debug|Any CPU
		{581F85F6-0314-405A-84C4-41DAA0B8C8B8}.Debug|Any CPU.Build.0 = Debug|Any CPU
		{581F85F6-0314-405A-84C4-41DAA0B8C8B8}.Release|Any CPU.ActiveCfg = Release|Any CPU
		{581F85F6-0314-405A-84C4-41DAA0B8C8B8}.Release|Any CPU.Build.0 = Release|Any CPU
		{DB251E8B-3C40-492A-A1FC-233FF51E44DE}.Debug|Any CPU.ActiveCfg = Debug|Any CPU
		{DB251E8B-3C40-492A-A1FC-233FF51E44DE}.Debug|Any CPU.Build.0 = Debug|Any CPU
		{DB251E8B-3C40-492A-A1FC-233FF51E44DE}.Release|Any CPU.ActiveCfg = Release|Any CPU
		{DB251E8B-3C40-492A-A1FC-233FF51E44DE}.Release|Any CPU.Build.0 = Release|Any CPU
		{F1DA2FF2-FCD4-4C3D-8370-B149DE21B493}.Debug|Any CPU.ActiveCfg = Debug|Any CPU
		{F1DA2FF2-FCD4-4C3D-8370-B149DE21B493}.Debug|Any CPU.Build.0 = Debug|Any CPU
		{F1DA2FF2-FCD4-4C3D-8370-B149DE21B493}.Release|Any CPU.ActiveCfg = Release|Any CPU
		{F1DA2FF2-FCD4-4C3D-8370-B149DE21B493}.Release|Any CPU.Build.0 = Release|Any CPU
	EndGlobalSection
	GlobalSection(SolutionProperties) = preSolution
		HideSolutionNode = FALSE
	EndGlobalSection
	GlobalSection(NestedProjects) = preSolution
		{581F85F6-0314-405A-84C4-41DAA0B8C8B8} = {3052CB50-A346-482A-8EDC-77A0C75A2C67}
		{DB251E8B-3C40-492A-A1FC-233FF51E44DE} = {2A507E5C-0ADC-44C9-9C40-02D12774B480}
	EndGlobalSection
	GlobalSection(ExtensibilityGlobals) = postSolution
		SolutionGuid = {22118DE4-09B0-46D4-9708-F21A97E34CA8}
	EndGlobalSection
EndGlobal
